
Microsoft Visual Studio Solution File, Format Version 12.00
# Visual Studio 14
VisualStudioVersion = 14.0.25123.0
MinimumVisualStudioVersion = 10.0.40219.1
Project("{FAE04EC0-301F-11D3-BF4B-00C04F79EFBC}") = "Introduction", "Introduction\Introduction.csproj", "{A4D4FFD2-8221-45D2-B88D-7637F0A7F01B}"
EndProject
Project("{FAE04EC0-301F-11D3-BF4B-00C04F79EFBC}") = "Features", "Features\Features.csproj", "{1EEF3C44-DEF5-45AC-842B-667C3284D540}"
EndProject
Project("{FAE04EC0-301F-11D3-BF4B-00C04F79EFBC}") = "Queries", "Queries\Queries.csproj", "{2DC0EE4C-43B8-4F3D-9BBF-76F445E1C34F}"
EndProject
Project("{FAE04EC0-301F-11D3-BF4B-00C04F79EFBC}") = "Cars", "Cars\Cars.csproj", "{C28187F6-1BE2-4D48-A424-F471E686FDC6}"
EndProject
Global
	GlobalSection(SolutionConfigurationPlatforms) = preSolution
		Debug|Any CPU = Debug|Any CPU
		Release|Any CPU = Release|Any CPU
	EndGlobalSection
	GlobalSection(ProjectConfigurationPlatforms) = postSolution
		{A4D4FFD2-8221-45D2-B88D-7637F0A7F01B}.Debug|Any CPU.ActiveCfg = Debug|Any CPU
		{A4D4FFD2-8221-45D2-B88D-7637F0A7F01B}.Debug|Any CPU.Build.0 = Debug|Any CPU
		{A4D4FFD2-8221-45D2-B88D-7637F0A7F01B}.Release|Any CPU.ActiveCfg = Release|Any CPU
		{A4D4FFD2-8221-45D2-B88D-7637F0A7F01B}.Release|Any CPU.Build.0 = Release|Any CPU
		{1EEF3C44-DEF5-45AC-842B-667C3284D540}.Debug|Any CPU.ActiveCfg = Debug|Any CPU
		{1EEF3C44-DEF5-45AC-842B-667C3284D540}.Debug|Any CPU.Build.0 = Debug|Any CPU
		{1EEF3C44-DEF5-45AC-842B-667C3284D540}.Release|Any CPU.ActiveCfg = Release|Any CPU
		{1EEF3C44-DEF5-45AC-842B-667C3284D540}.Release|Any CPU.Build.0 = Release|Any CPU
		{2DC0EE4C-43B8-4F3D-9BBF-76F445E1C34F}.Debug|Any CPU.ActiveCfg = Debug|Any CPU
		{2DC0EE4C-43B8-4F3D-9BBF-76F445E1C34F}.Debug|Any CPU.Build.0 = Debug|Any CPU
		{2DC0EE4C-43B8-4F3D-9BBF-76F445E1C34F}.Release|Any CPU.ActiveCfg = Release|Any CPU
		{2DC0EE4C-43B8-4F3D-9BBF-76F445E1C34F}.Release|Any CPU.Build.0 = Release|Any CPU
		{C28187F6-1BE2-4D48-A424-F471E686FDC6}.Debug|Any CPU.ActiveCfg = Debug|Any CPU
		{C28187F6-1BE2-4D48-A424-F471E686FDC6}.Debug|Any CPU.Build.0 = Debug|Any CPU
		{C28187F6-1BE2-4D48-A424-F471E686FDC6}.Release|Any CPU.ActiveCfg = Release|Any CPU
		{C28187F6-1BE2-4D48-A424-F471E686FDC6}.Release|Any CPU.Build.0 = Release|Any CPU
	EndGlobalSection
	GlobalSection(SolutionProperties) = preSolution
		HideSolutionNode = FALSE
	EndGlobalSection
EndGlobal
